
Microsoft Visual Studio Solution File, Format Version 12.00
# Visual Studio 15
VisualStudioVersion = 15.0.27428.2027
MinimumVisualStudioVersion = 10.0.40219.1
Project("{A0786B88-2ADB-4C21-ABE8-AA2D79766269}") = "obedddy", "obedddy\obedddy.phpproj", "{8B43F133-3B40-47D1-802B-4C7AF60911BF}"
EndProject
Global
	GlobalSection(SolutionConfigurationPlatforms) = preSolution
		Debug|Any CPU = Debug|Any CPU
		Release|Any CPU = Release|Any CPU
	EndGlobalSection
	GlobalSection(ProjectConfigurationPlatforms) = postSolution
		{8B43F133-3B40-47D1-802B-4C7AF60911BF}.Debug|Any CPU.ActiveCfg = Debug|Any CPU
		{8B43F133-3B40-47D1-802B-4C7AF60911BF}.Release|Any CPU.ActiveCfg = Release|Any CPU
	EndGlobalSection
	GlobalSection(SolutionProperties) = preSolution
		HideSolutionNode = FALSE
	EndGlobalSection
	GlobalSection(ExtensibilityGlobals) = postSolution
		SolutionGuid = {9EE80C6E-FA51-4C36-92F9-9E7C0FE1F436}
	EndGlobalSection
EndGlobal
